{
  "version": 4,
  "terraform_version": "1.8.4",
  "serial": 206,
  "lineage": "e51de88a-a1e9-8196-cfce-d99905246ea7",
  "outputs": {},
  "resources": [
    {
      "module": "module.ec2",
      "mode": "data",
      "type": "aws_ami",
      "name": "ubuntu",
      "provider": "provider[\"registry.terraform.io/hashicorp/aws\"]",
      "instances": [
        {
          "schema_version": 0,
          "attributes": {
            "architecture": "x86_64",
            "arn": "arn:aws:ec2:ap-southeast-1::image/ami-0b8607d2721c94a77",
            "block_device_mappings": [
              {
                "device_name": "/dev/sda1",
                "ebs": {
                  "delete_on_termination": "true",
                  "encrypted": "false",
                  "iops": "0",
                  "snapshot_id": "snap-02f4406841d860fe1",
                  "throughput": "0",
                  "volume_size": "8",
                  "volume_type": "gp2"
                },
                "no_device": "",
                "virtual_name": ""
              },
              {
                "device_name": "/dev/sdb",
                "ebs": {},
                "no_device": "",
                "virtual_name": "ephemeral0"
              },
              {
                "device_name": "/dev/sdc",
                "ebs": {},
                "no_device": "",
                "virtual_name": "ephemeral1"
              }
            ],
            "boot_mode": "uefi-preferred",
            "creation_date": "2025-05-16T06:42:33.000Z",
            "deprecation_time": "2027-05-16T06:42:33.000Z",
            "description": "Canonical, Ubuntu, 22.04, amd64 jammy image",
            "ena_support": true,
            "executable_users": null,
            "filter": [
              {
                "name": "name",
                "values": [
                  "ubuntu/images/hvm-ssd/ubuntu-jammy-22.04-amd64-server-*"
                ]
              },
              {
                "name": "virtualization-type",
                "values": [
                  "hvm"
                ]
              }
            ],
            "hypervisor": "xen",
            "id": "ami-0b8607d2721c94a77",
            "image_id": "ami-0b8607d2721c94a77",
            "image_location": "amazon/ubuntu/images/hvm-ssd/ubuntu-jammy-22.04-amd64-server-20250516",
            "image_owner_alias": "amazon",
            "image_type": "machine",
            "imds_support": "",
            "include_deprecated": false,
            "kernel_id": "",
            "last_launched_time": "",
            "most_recent": true,
            "name": "ubuntu/images/hvm-ssd/ubuntu-jammy-22.04-amd64-server-20250516",
            "name_regex": null,
            "owner_id": "099720109477",
            "owners": [
              "099720109477"
            ],
            "platform": "",
            "platform_details": "Linux/UNIX",
            "product_codes": [],
            "public": true,
            "ramdisk_id": "",
            "root_device_name": "/dev/sda1",
            "root_device_type": "ebs",
            "root_snapshot_id": "snap-02f4406841d860fe1",
            "sriov_net_support": "simple",
            "state": "available",
            "state_reason": {
              "code": "UNSET",
              "message": "UNSET"
            },
            "tags": {},
            "timeouts": null,
            "tpm_support": "",
            "uefi_data": null,
            "usage_operation": "RunInstances",
            "virtualization_type": "hvm"
          },
          "sensitive_attributes": []
        }
      ]
    },
    {
      "module": "module.ec2",
      "mode": "managed",
      "type": "aws_eip",
      "name": "ec2_eip",
      "provider": "provider[\"registry.terraform.io/hashicorp/aws\"]",
      "instances": [
        {
          "schema_version": 0,
          "attributes": {
            "address": null,
            "allocation_id": "eipalloc-0f23537593f6c6934",
            "arn": "arn:aws:ec2:ap-southeast-1:140661056595:elastic-ip/eipalloc-0f23537593f6c6934",
            "associate_with_private_ip": null,
            "association_id": "eipassoc-0b20d0bb5aeff7878",
            "carrier_ip": "",
            "customer_owned_ip": "",
            "customer_owned_ipv4_pool": "",
            "domain": "vpc",
            "id": "eipalloc-0f23537593f6c6934",
            "instance": "i-07e9144451edf0ca6",
            "ipam_pool_id": null,
            "network_border_group": "ap-southeast-1",
            "network_interface": "eni-0a9444b3c43d75185",
            "private_dns": "ip-10-0-1-254.ap-southeast-1.compute.internal",
            "private_ip": "10.0.1.254",
            "ptr_record": "",
            "public_dns": "ec2-47-130-130-41.ap-southeast-1.compute.amazonaws.com",
            "public_ip": "47.130.130.41",
            "public_ipv4_pool": "amazon",
            "tags": {},
            "tags_all": {
              "Env": "sandbox",
              "ProjectName": "hantt-and-co",
              "Terraform": "True"
            },
            "timeouts": null,
            "vpc": true
          },
          "sensitive_attributes": [],
          "private": "eyJlMmJmYjczMC1lY2FhLTExZTYtOGY4OC0zNDM2M2JjN2M0YzAiOnsiZGVsZXRlIjoxODAwMDAwMDAwMDAsInJlYWQiOjkwMDAwMDAwMDAwMCwidXBkYXRlIjozMDAwMDAwMDAwMDB9fQ==",
          "dependencies": [
            "module.iam.aws_iam_instance_profile.ec2_profile",
            "module.iam.aws_iam_role.ec2_role",
            "module.iam.aws_iam_role_policy_attachment.cw_logs",
            "module.iam.data.aws_iam_policy_document.assume_ec2",
            "module.sg.aws_security_group.ec2_sg",
            "module.sg.data.aws_iam_policy_document.assume_ec2",
            "module.vpc.aws_internet_gateway.i_gw",
            "module.vpc.aws_route_table.public_rt",
            "module.vpc.aws_route_table_association.public_subnet_assoc",
            "module.vpc.aws_subnet.public_subnets",
            "module.vpc.aws_vpc.this"
          ]
        }
      ]
    },
    {
      "module": "module.ec2",
      "mode": "managed",
      "type": "aws_eip_association",
      "name": "ec2_eip_association",
      "provider": "provider[\"registry.terraform.io/hashicorp/aws\"]",
      "instances": [
        {
          "schema_version": 0,
          "attributes": {
            "allocation_id": "eipalloc-0f23537593f6c6934",
            "allow_reassociation": null,
            "id": "eipassoc-08122e684d9cc6204",
            "instance_id": "i-0826fb78489e3d298",
            "network_interface_id": "eni-0841e90153e7b93a8",
            "private_ip_address": "10.0.1.130",
            "public_ip": "47.130.130.41"
          },
          "sensitive_attributes": [],
          "private": "bnVsbA==",
          "dependencies": [
            "module.ec2.aws_eip.ec2_eip",
            "module.ec2.aws_instance.ec2",
            "module.ec2.aws_key_pair.key_pair",
            "module.ec2.data.aws_ami.ubuntu",
            "module.ec2.tls_private_key.private_key",
            "module.iam.aws_iam_instance_profile.ec2_profile",
            "module.iam.aws_iam_role.ec2_role",
            "module.iam.aws_iam_role_policy_attachment.cw_logs",
            "module.iam.data.aws_iam_policy_document.assume_ec2",
            "module.sg.aws_security_group.ec2_sg",
            "module.sg.data.aws_iam_policy_document.assume_ec2",
            "module.vpc.aws_internet_gateway.i_gw",
            "module.vpc.aws_route_table.public_rt",
            "module.vpc.aws_route_table_association.public_subnet_assoc",
            "module.vpc.aws_subnet.public_subnets",
            "module.vpc.aws_vpc.this"
          ]
        }
      ]
    },
    {
      "module": "module.ec2",
      "mode": "managed",
      "type": "aws_instance",
      "name": "ec2",
      "provider": "provider[\"registry.terraform.io/hashicorp/aws\"]",
      "instances": [
        {
          "schema_version": 1,
          "attributes": {
            "ami": "ami-0b8607d2721c94a77",
            "arn": "arn:aws:ec2:ap-southeast-1:140661056595:instance/i-0826fb78489e3d298",
            "associate_public_ip_address": true,
            "availability_zone": "ap-southeast-1a",
            "capacity_reservation_specification": [
              {
                "capacity_reservation_preference": "open",
                "capacity_reservation_target": []
              }
            ],
            "cpu_core_count": 1,
            "cpu_options": [
              {
                "amd_sev_snp": "",
                "core_count": 1,
                "threads_per_core": 2
              }
            ],
            "cpu_threads_per_core": 2,
            "credit_specification": [
              {
                "cpu_credits": "unlimited"
              }
            ],
            "disable_api_stop": false,
            "disable_api_termination": false,
            "ebs_block_device": [],
            "ebs_optimized": false,
            "enable_primary_ipv6": null,
            "enclave_options": [
              {
                "enabled": false
              }
            ],
            "ephemeral_block_device": [],
            "get_password_data": false,
            "hibernation": false,
            "host_id": "",
            "host_resource_group_arn": null,
            "iam_instance_profile": "sandbox-hantt-and-co-ec2-instance-profile",
            "id": "i-0826fb78489e3d298",
            "instance_initiated_shutdown_behavior": "stop",
            "instance_lifecycle": "",
            "instance_market_options": [],
            "instance_state": "running",
            "instance_type": "t3.micro",
            "ipv6_address_count": 0,
            "ipv6_addresses": [],
            "key_name": "sandbox-hantt-and-co-ec2-key-pair",
            "launch_template": [],
            "maintenance_options": [
              {
                "auto_recovery": "default"
              }
            ],
            "metadata_options": [
              {
                "http_endpoint": "enabled",
                "http_protocol_ipv6": "disabled",
                "http_put_response_hop_limit": 1,
                "http_tokens": "optional",
                "instance_metadata_tags": "disabled"
              }
            ],
            "monitoring": false,
            "network_interface": [],
            "outpost_arn": "",
            "password_data": "",
            "placement_group": "",
            "placement_partition_number": 0,
            "primary_network_interface_id": "eni-0841e90153e7b93a8",
            "private_dns": "ip-10-0-1-130.ap-southeast-1.compute.internal",
            "private_dns_name_options": [
              {
                "enable_resource_name_dns_a_record": false,
                "enable_resource_name_dns_aaaa_record": false,
                "hostname_type": "ip-name"
              }
            ],
            "private_ip": "10.0.1.130",
            "public_dns": "ec2-18-140-5-111.ap-southeast-1.compute.amazonaws.com",
            "public_ip": "18.140.5.111",
            "root_block_device": [
              {
                "delete_on_termination": true,
                "device_name": "/dev/sda1",
                "encrypted": false,
                "iops": 3000,
                "kms_key_id": "",
                "tags": null,
                "tags_all": {
                  "Env": "sandbox",
                  "ProjectName": "hantt-and-co",
                  "Terraform": "True"
                },
                "throughput": 125,
                "volume_id": "vol-02492fac136e3bd40",
                "volume_size": 8,
                "volume_type": "gp3"
              }
            ],
            "secondary_private_ips": [],
            "security_groups": [],
            "source_dest_check": true,
            "spot_instance_request_id": "",
            "subnet_id": "subnet-0b2adec304514045d",
            "tags": {
              "Name": "sandbox-hantt-and-co-ec2-instance"
            },
            "tags_all": {
              "Env": "sandbox",
              "Name": "sandbox-hantt-and-co-ec2-instance",
              "ProjectName": "hantt-and-co",
              "Terraform": "True"
            },
            "tenancy": "default",
            "timeouts": null,
            "user_data": null,
            "user_data_base64": null,
            "user_data_replace_on_change": false,
            "volume_tags": null,
            "vpc_security_group_ids": [
              "sg-062a5dab168b29a04"
            ]
          },
          "sensitive_attributes": [],
          "private": "eyJlMmJmYjczMC1lY2FhLTExZTYtOGY4OC0zNDM2M2JjN2M0YzAiOnsiY3JlYXRlIjo2MDAwMDAwMDAwMDAsImRlbGV0ZSI6MTIwMDAwMDAwMDAwMCwicmVhZCI6OTAwMDAwMDAwMDAwLCJ1cGRhdGUiOjYwMDAwMDAwMDAwMH0sInNjaGVtYV92ZXJzaW9uIjoiMSJ9",
          "dependencies": [
            "module.ec2.aws_key_pair.key_pair",
            "module.ec2.data.aws_ami.ubuntu",
            "module.ec2.tls_private_key.private_key",
            "module.iam.aws_iam_instance_profile.ec2_profile",
            "module.iam.aws_iam_role.ec2_role",
            "module.iam.aws_iam_role_policy_attachment.cw_logs",
            "module.iam.data.aws_iam_policy_document.assume_ec2",
            "module.sg.aws_security_group.ec2_sg",
            "module.sg.data.aws_iam_policy_document.assume_ec2",
            "module.vpc.aws_internet_gateway.i_gw",
            "module.vpc.aws_route_table.public_rt",
            "module.vpc.aws_route_table_association.public_subnet_assoc",
            "module.vpc.aws_subnet.public_subnets",
            "module.vpc.aws_vpc.this"
          ]
        }
      ]
    },
    {
      "module": "module.ec2",
      "mode": "managed",
      "type": "aws_key_pair",
      "name": "key_pair",
      "provider": "provider[\"registry.terraform.io/hashicorp/aws\"]",
      "instances": [
        {
          "schema_version": 1,
          "attributes": {
            "arn": "arn:aws:ec2:ap-southeast-1:140661056595:key-pair/sandbox-hantt-and-co-ec2-key-pair",
            "fingerprint": "18:0b:d4:14:b4:3f:6a:87:79:fc:32:92:67:8d:6b:65",
            "id": "sandbox-hantt-and-co-ec2-key-pair",
            "key_name": "sandbox-hantt-and-co-ec2-key-pair",
            "key_name_prefix": "",
            "key_pair_id": "key-09cb6f4135923624c",
            "key_type": "rsa",
            "public_key": "ssh-rsa AAAAB3NzaC1yc2EAAAADAQABAAABAQC73ThghYKV0ktbifHyv9FR/b0eeZ1uUo489IrGshIz2gkZaCU5mWP4zIdJDXmhTJv34UE98XumQ87MnjSstjF8qk7bXRtykSzg3u2UhY0fd6YxkZyXIzhu/EQ0o+mD+YK6jkRzHSdMEMVAKbeQj7KVURWX6hpexSCwK8mMKXYuXaqeaKPphSzVg21yIrOrtg8fN53kaHCD/TbawNVSuAu+JW9F0eCw4AWGOK5Te2clXd/FpV+tGofCNe3a40Sw8CM2QkR5KMqi12UF0KG3plnsA8oas9LKV2jgvRpz3Qd7CxEBUBJcyKIGT3Bz1dPo3+bQnR91GVhwvW2YUtFUyKI7",
            "tags": {},
            "tags_all": {
              "Env": "sandbox",
              "ProjectName": "hantt-and-co",
              "Terraform": "True"
            }
          },
          "sensitive_attributes": [],
          "private": "eyJzY2hlbWFfdmVyc2lvbiI6IjEifQ==",
          "dependencies": [
            "module.ec2.tls_private_key.private_key",
            "module.iam.aws_iam_instance_profile.ec2_profile",
            "module.iam.aws_iam_role.ec2_role",
            "module.iam.aws_iam_role_policy_attachment.cw_logs",
            "module.iam.data.aws_iam_policy_document.assume_ec2",
            "module.sg.aws_security_group.ec2_sg",
            "module.sg.data.aws_iam_policy_document.assume_ec2",
            "module.vpc.aws_internet_gateway.i_gw",
            "module.vpc.aws_route_table.public_rt",
            "module.vpc.aws_route_table_association.public_subnet_assoc",
            "module.vpc.aws_subnet.public_subnets",
            "module.vpc.aws_vpc.this"
          ]
        }
      ]
    },
    {
      "module": "module.ec2",
      "mode": "managed",
      "type": "aws_ssm_parameter",
      "name": "ec2_private_key_pem",
      "provider": "provider[\"registry.terraform.io/hashicorp/aws\"]",
      "instances": [
        {
          "schema_version": 0,
          "attributes": {
            "allowed_pattern": "",
            "arn": "arn:aws:ssm:ap-southeast-1:140661056595:parameter/sandbox-hantt-and-co-ec2-key-pair/pem",
            "data_type": "text",
            "description": "",
            "has_value_wo": null,
            "id": "/sandbox-hantt-and-co-ec2-key-pair/pem",
            "insecure_value": null,
            "key_id": "alias/aws/ssm",
            "name": "/sandbox-hantt-and-co-ec2-key-pair/pem",
            "overwrite": null,
            "tags": {},
            "tags_all": {
              "Env": "sandbox",
              "ProjectName": "hantt-and-co",
              "Terraform": "True"
            },
            "tier": "Standard",
            "type": "SecureString",
            "value": "-----BEGIN RSA PRIVATE KEY-----\nMIIEpAIBAAKCAQEAu904YIWCldJLW4nx8r/RUf29HnmdblKOPPSKxrISM9oJGWgl\nOZlj+MyHSQ15oUyb9+FBPfF7pkPOzJ40rLYxfKpO210bcpEs4N7tlIWNH3emMZGc\nlyM4bvxENKPpg/mCuo5Ecx0nTBDFQCm3kI+ylVEVl+oaXsUgsCvJjCl2Ll2qnmij\n6YUs1YNtciKzq7YPHzed5Ghwg/022sDVUrgLviVvRdHgsOAFhjiuU3tnJV3fxaVf\nrRqHwjXt2uNEsPAjNkJEeSjKotdlBdCht6ZZ7APKGrPSyldo4L0ac90HewsRAVAS\nXMiiBk9wc9XT6N/m0J0fdRlYcL1tmFLRVMiiOwIDAQABAoIBAACzygMqXJucxqVX\n9ayXpPuufCeCAuGns1ps+5vUjJbfCMushP8bILGMajEOuNauh6K8l9bYcULk3AAN\n01qV78dsh5DwXyrlegp5KuA0Q5vLgbaLuc8i1ZIspUChID1bEG8MGxtnD3+MTIB5\n53LF5sACJpeDy4dxKzcdYsqAWS3BMDyV0/vkiIur9VSOieSITlQZ1mZvSyAY6Vk5\nUc3+gxKmFubsM0oHNuyR1bdNUmkylrJ+64+4cS6nRqyhTvTMVf4+G1NPz+JRcUvG\nFgQZlE4FwvrSJ8ZJrcIecPe0wufZ+uJoe1OryopikLC5wwwzEQCvXkxqJMlLyAk2\nBpXC7NkCgYEA9eqviWueEHv0lGzea/LWYDf8TPX9BjY1+lKZ/lnNX0d4qlemoUdD\n3SBM26gFWQHShl6xyPyvCcCC0NnY5Ebarf9KxCJgP59e3BXDWsjh8DmAwKs5WVAs\nduzsLbSERmwuo/CX0KdS2BqBDSC2lseYalitDaacrPIvpzGnVc7iXMUCgYEAw5Es\nfgyDYzBHyuYOhUv/LOkl5QW6PgKBzq0R6XPiPpTOrOKRbSY1zsMrQ2AwWNQh7KUA\nEVFUmyn4x2ujXSsVrQjjDgIAw01RO2Oi6smS4TtS+Bu+0MkbOTeGpYpXEet0NlM1\n694We16ibGzFnU0Ltz4UqH+oWHzqbIw4wcDs8v8CgYEA66dzg0p/c+h03e7dzbAt\nQpMj0VRAnb1BSJnzO8wug8lnlkTcRtyV6cbUIAII7dxTM7R2xdVunve95Al+UHKd\nh/OGYCFY/l7odhrc05iA+sT/3qG2GSI9GdG8GahMwXdV0n/x218cgj4TwNLCZgbq\nxa4oV1Z7+Tcz9xIb+pyASskCgYAoCxKsII3KgnlAv0hb3Mq7/GUo9rpCtiq0EdXo\nEjVSERAccCvMyJUd5/J00j40AgOMO+C+qwOC3d41nwGNMyQ2EOrE1H4pfyxR173l\nCy8K9SWw7aVthLARUCA+xwu6/JYIBZO13vyFeEQTpVX1NnBerdR3B+SFcdZiMXfx\nnDooKwKBgQDWnuk5/XEPPh+I4AGM6BY05sgZnoDS6kkwz7GxEjN0C1HUtRk+s5LL\nYYFyPKpJWnDZJcLN9HTkc9fFtNQsOBPslUe5HIoJBhgpfpBjErD+GABC9AdcJ9je\ny5F3FBFoKG3iv6kfeb9vtRZk/+TuJ7kxS5uuSDy7wtCGbbIrTCfAbA==\n-----END RSA PRIVATE KEY-----\n",
            "value_wo": null,
            "value_wo_version": null,
            "version": 1
          },
          "sensitive_attributes": [
            [
              {
                "type": "get_attr",
                "value": "value_wo"
              }
            ],
            [
              {
                "type": "get_attr",
                "value": "value"
              }
            ]
          ],
          "private": "bnVsbA==",
          "dependencies": [
            "module.ec2.tls_private_key.private_key",
            "module.iam.aws_iam_instance_profile.ec2_profile",
            "module.iam.aws_iam_role.ec2_role",
            "module.iam.aws_iam_role_policy_attachment.cw_logs",
            "module.iam.data.aws_iam_policy_document.assume_ec2",
            "module.sg.aws_security_group.ec2_sg",
            "module.sg.data.aws_iam_policy_document.assume_ec2",
            "module.vpc.aws_internet_gateway.i_gw",
            "module.vpc.aws_route_table.public_rt",
            "module.vpc.aws_route_table_association.public_subnet_assoc",
            "module.vpc.aws_subnet.public_subnets",
            "module.vpc.aws_vpc.this"
          ]
        }
      ]
    },
    {
      "module": "module.ec2",
      "mode": "managed",
      "type": "local_file",
      "name": "ec2_private_key",
      "provider": "provider[\"registry.terraform.io/hashicorp/local\"]",
      "instances": [
        {
          "schema_version": 0,
          "attributes": {
            "content": "-----BEGIN RSA PRIVATE KEY-----\nMIIEpAIBAAKCAQEAu904YIWCldJLW4nx8r/RUf29HnmdblKOPPSKxrISM9oJGWgl\nOZlj+MyHSQ15oUyb9+FBPfF7pkPOzJ40rLYxfKpO210bcpEs4N7tlIWNH3emMZGc\nlyM4bvxENKPpg/mCuo5Ecx0nTBDFQCm3kI+ylVEVl+oaXsUgsCvJjCl2Ll2qnmij\n6YUs1YNtciKzq7YPHzed5Ghwg/022sDVUrgLviVvRdHgsOAFhjiuU3tnJV3fxaVf\nrRqHwjXt2uNEsPAjNkJEeSjKotdlBdCht6ZZ7APKGrPSyldo4L0ac90HewsRAVAS\nXMiiBk9wc9XT6N/m0J0fdRlYcL1tmFLRVMiiOwIDAQABAoIBAACzygMqXJucxqVX\n9ayXpPuufCeCAuGns1ps+5vUjJbfCMushP8bILGMajEOuNauh6K8l9bYcULk3AAN\n01qV78dsh5DwXyrlegp5KuA0Q5vLgbaLuc8i1ZIspUChID1bEG8MGxtnD3+MTIB5\n53LF5sACJpeDy4dxKzcdYsqAWS3BMDyV0/vkiIur9VSOieSITlQZ1mZvSyAY6Vk5\nUc3+gxKmFubsM0oHNuyR1bdNUmkylrJ+64+4cS6nRqyhTvTMVf4+G1NPz+JRcUvG\nFgQZlE4FwvrSJ8ZJrcIecPe0wufZ+uJoe1OryopikLC5wwwzEQCvXkxqJMlLyAk2\nBpXC7NkCgYEA9eqviWueEHv0lGzea/LWYDf8TPX9BjY1+lKZ/lnNX0d4qlemoUdD\n3SBM26gFWQHShl6xyPyvCcCC0NnY5Ebarf9KxCJgP59e3BXDWsjh8DmAwKs5WVAs\nduzsLbSERmwuo/CX0KdS2BqBDSC2lseYalitDaacrPIvpzGnVc7iXMUCgYEAw5Es\nfgyDYzBHyuYOhUv/LOkl5QW6PgKBzq0R6XPiPpTOrOKRbSY1zsMrQ2AwWNQh7KUA\nEVFUmyn4x2ujXSsVrQjjDgIAw01RO2Oi6smS4TtS+Bu+0MkbOTeGpYpXEet0NlM1\n694We16ibGzFnU0Ltz4UqH+oWHzqbIw4wcDs8v8CgYEA66dzg0p/c+h03e7dzbAt\nQpMj0VRAnb1BSJnzO8wug8lnlkTcRtyV6cbUIAII7dxTM7R2xdVunve95Al+UHKd\nh/OGYCFY/l7odhrc05iA+sT/3qG2GSI9GdG8GahMwXdV0n/x218cgj4TwNLCZgbq\nxa4oV1Z7+Tcz9xIb+pyASskCgYAoCxKsII3KgnlAv0hb3Mq7/GUo9rpCtiq0EdXo\nEjVSERAccCvMyJUd5/J00j40AgOMO+C+qwOC3d41nwGNMyQ2EOrE1H4pfyxR173l\nCy8K9SWw7aVthLARUCA+xwu6/JYIBZO13vyFeEQTpVX1NnBerdR3B+SFcdZiMXfx\nnDooKwKBgQDWnuk5/XEPPh+I4AGM6BY05sgZnoDS6kkwz7GxEjN0C1HUtRk+s5LL\nYYFyPKpJWnDZJcLN9HTkc9fFtNQsOBPslUe5HIoJBhgpfpBjErD+GABC9AdcJ9je\ny5F3FBFoKG3iv6kfeb9vtRZk/+TuJ7kxS5uuSDy7wtCGbbIrTCfAbA==\n-----END RSA PRIVATE KEY-----\n",
            "content_base64": null,
            "content_base64sha256": "RrWkggDExjWL3pWXvu692i0oC5fEGID8UZdGxbrsnSI=",
            "content_base64sha512": "n4Ust4wuKdxQ371t9UYmm2d2m097qp6xdOYgbQeujL3yjzSjHmuycb5zWecAJHho1qBCPDj7T5BkNmvCcUYW5g==",
            "content_md5": "23cbb7c17e1cb5368516125ed17c21fd",
            "content_sha1": "b95efa26c958dbe6005da50399f7c8d7cf223669",
            "content_sha256": "46b5a48200c4c6358bde9597beeebdda2d280b97c41880fc519746c5baec9d22",
            "content_sha512": "9f852cb78c2e29dc50dfbd6df546269b67769b4f7baa9eb174e6206d07ae8cbdf28f34a31e6bb271be7359e700247868d6a0423c38fb4f9064366bc2714616e6",
            "directory_permission": "0777",
            "file_permission": "0777",
            "filename": "sandbox-hantt-and-co-ec2-key-pair.pem",
            "id": "b95efa26c958dbe6005da50399f7c8d7cf223669",
            "sensitive_content": null,
            "source": null
          },
          "sensitive_attributes": [
            [
              {
                "type": "get_attr",
                "value": "sensitive_content"
              }
            ],
            [
              {
                "type": "get_attr",
                "value": "content"
              }
            ]
          ],
          "dependencies": [
            "module.ec2.tls_private_key.private_key",
            "module.iam.aws_iam_instance_profile.ec2_profile",
            "module.iam.aws_iam_role.ec2_role",
            "module.iam.aws_iam_role_policy_attachment.cw_logs",
            "module.iam.data.aws_iam_policy_document.assume_ec2",
            "module.sg.aws_security_group.ec2_sg",
            "module.sg.data.aws_iam_policy_document.assume_ec2",
            "module.vpc.aws_internet_gateway.i_gw",
            "module.vpc.aws_route_table.public_rt",
            "module.vpc.aws_route_table_association.public_subnet_assoc",
            "module.vpc.aws_subnet.public_subnets",
            "module.vpc.aws_vpc.this"
          ]
        }
      ]
    },
    {
      "module": "module.ec2",
      "mode": "managed",
      "type": "tls_private_key",
      "name": "private_key",
      "provider": "provider[\"registry.terraform.io/hashicorp/tls\"]",
      "instances": [
        {
          "schema_version": 1,
          "attributes": {
            "algorithm": "RSA",
            "ecdsa_curve": "P224",
            "id": "4b375b45188de21a6295169797eb2b41faa5ae83",
            "private_key_openssh": "-----BEGIN OPENSSH PRIVATE KEY-----\nb3BlbnNzaC1rZXktdjEAAAAABG5vbmUAAAAEbm9uZQAAAAAAAAABAAABFwAAAAdz\nc2gtcnNhAAAAAwEAAQAAAQEAu904YIWCldJLW4nx8r/RUf29HnmdblKOPPSKxrIS\nM9oJGWglOZlj+MyHSQ15oUyb9+FBPfF7pkPOzJ40rLYxfKpO210bcpEs4N7tlIWN\nH3emMZGclyM4bvxENKPpg/mCuo5Ecx0nTBDFQCm3kI+ylVEVl+oaXsUgsCvJjCl2\nLl2qnmij6YUs1YNtciKzq7YPHzed5Ghwg/022sDVUrgLviVvRdHgsOAFhjiuU3tn\nJV3fxaVfrRqHwjXt2uNEsPAjNkJEeSjKotdlBdCht6ZZ7APKGrPSyldo4L0ac90H\newsRAVASXMiiBk9wc9XT6N/m0J0fdRlYcL1tmFLRVMiiOwAAA7iocLEiqHCxIgAA\nAAdzc2gtcnNhAAABAQC73ThghYKV0ktbifHyv9FR/b0eeZ1uUo489IrGshIz2gkZ\naCU5mWP4zIdJDXmhTJv34UE98XumQ87MnjSstjF8qk7bXRtykSzg3u2UhY0fd6Yx\nkZyXIzhu/EQ0o+mD+YK6jkRzHSdMEMVAKbeQj7KVURWX6hpexSCwK8mMKXYuXaqe\naKPphSzVg21yIrOrtg8fN53kaHCD/TbawNVSuAu+JW9F0eCw4AWGOK5Te2clXd/F\npV+tGofCNe3a40Sw8CM2QkR5KMqi12UF0KG3plnsA8oas9LKV2jgvRpz3Qd7CxEB\nUBJcyKIGT3Bz1dPo3+bQnR91GVhwvW2YUtFUyKI7AAAAAwEAAQAAAQAAs8oDKlyb\nnMalV/Wsl6T7rnwnggLhp7NabPub1IyW3wjLrIT/GyCxjGoxDrjWroeivJfW2HFC\n5NwADdNale/HbIeQ8F8q5XoKeSrgNEOby4G2i7nPItWSLKVAoSA9WxBvDBsbZw9/\njEyAeedyxebAAiaXg8uHcSs3HWLKgFktwTA8ldP75IiLq/VUjonkiE5UGdZmb0sg\nGOlZOVHN/oMSphbm7DNKBzbskdW3TVJpMpayfuuPuHEup0asoU70zFX+PhtTT8/i\nUXFLxhYEGZROBcL60ifGSa3CHnD3tMLn2friaHtTq8qKYpCwucMMMxEAr15MaiTJ\nS8gJNgaVwuzZAAAAgQDWnuk5/XEPPh+I4AGM6BY05sgZnoDS6kkwz7GxEjN0C1HU\ntRk+s5LLYYFyPKpJWnDZJcLN9HTkc9fFtNQsOBPslUe5HIoJBhgpfpBjErD+GABC\n9AdcJ9jey5F3FBFoKG3iv6kfeb9vtRZk/+TuJ7kxS5uuSDy7wtCGbbIrTCfAbAAA\nAIEA9eqviWueEHv0lGzea/LWYDf8TPX9BjY1+lKZ/lnNX0d4qlemoUdD3SBM26gF\nWQHShl6xyPyvCcCC0NnY5Ebarf9KxCJgP59e3BXDWsjh8DmAwKs5WVAsduzsLbSE\nRmwuo/CX0KdS2BqBDSC2lseYalitDaacrPIvpzGnVc7iXMUAAACBAMORLH4Mg2Mw\nR8rmDoVL/yzpJeUFuj4Cgc6tEelz4j6UzqzikW0mNc7DK0NgMFjUIeylABFRVJsp\n+Mdro10rFa0I4w4CAMNNUTtjourJkuE7UvgbvtDJGzk3hqWKVxHrdDZTNeveFnte\nomxsxZ1NC7c+FKh/qFh86myMOMHA7PL/AAAAAAEC\n-----END OPENSSH PRIVATE KEY-----\n",
            "private_key_pem": "-----BEGIN RSA PRIVATE KEY-----\nMIIEpAIBAAKCAQEAu904YIWCldJLW4nx8r/RUf29HnmdblKOPPSKxrISM9oJGWgl\nOZlj+MyHSQ15oUyb9+FBPfF7pkPOzJ40rLYxfKpO210bcpEs4N7tlIWNH3emMZGc\nlyM4bvxENKPpg/mCuo5Ecx0nTBDFQCm3kI+ylVEVl+oaXsUgsCvJjCl2Ll2qnmij\n6YUs1YNtciKzq7YPHzed5Ghwg/022sDVUrgLviVvRdHgsOAFhjiuU3tnJV3fxaVf\nrRqHwjXt2uNEsPAjNkJEeSjKotdlBdCht6ZZ7APKGrPSyldo4L0ac90HewsRAVAS\nXMiiBk9wc9XT6N/m0J0fdRlYcL1tmFLRVMiiOwIDAQABAoIBAACzygMqXJucxqVX\n9ayXpPuufCeCAuGns1ps+5vUjJbfCMushP8bILGMajEOuNauh6K8l9bYcULk3AAN\n01qV78dsh5DwXyrlegp5KuA0Q5vLgbaLuc8i1ZIspUChID1bEG8MGxtnD3+MTIB5\n53LF5sACJpeDy4dxKzcdYsqAWS3BMDyV0/vkiIur9VSOieSITlQZ1mZvSyAY6Vk5\nUc3+gxKmFubsM0oHNuyR1bdNUmkylrJ+64+4cS6nRqyhTvTMVf4+G1NPz+JRcUvG\nFgQZlE4FwvrSJ8ZJrcIecPe0wufZ+uJoe1OryopikLC5wwwzEQCvXkxqJMlLyAk2\nBpXC7NkCgYEA9eqviWueEHv0lGzea/LWYDf8TPX9BjY1+lKZ/lnNX0d4qlemoUdD\n3SBM26gFWQHShl6xyPyvCcCC0NnY5Ebarf9KxCJgP59e3BXDWsjh8DmAwKs5WVAs\nduzsLbSERmwuo/CX0KdS2BqBDSC2lseYalitDaacrPIvpzGnVc7iXMUCgYEAw5Es\nfgyDYzBHyuYOhUv/LOkl5QW6PgKBzq0R6XPiPpTOrOKRbSY1zsMrQ2AwWNQh7KUA\nEVFUmyn4x2ujXSsVrQjjDgIAw01RO2Oi6smS4TtS+Bu+0MkbOTeGpYpXEet0NlM1\n694We16ibGzFnU0Ltz4UqH+oWHzqbIw4wcDs8v8CgYEA66dzg0p/c+h03e7dzbAt\nQpMj0VRAnb1BSJnzO8wug8lnlkTcRtyV6cbUIAII7dxTM7R2xdVunve95Al+UHKd\nh/OGYCFY/l7odhrc05iA+sT/3qG2GSI9GdG8GahMwXdV0n/x218cgj4TwNLCZgbq\nxa4oV1Z7+Tcz9xIb+pyASskCgYAoCxKsII3KgnlAv0hb3Mq7/GUo9rpCtiq0EdXo\nEjVSERAccCvMyJUd5/J00j40AgOMO+C+qwOC3d41nwGNMyQ2EOrE1H4pfyxR173l\nCy8K9SWw7aVthLARUCA+xwu6/JYIBZO13vyFeEQTpVX1NnBerdR3B+SFcdZiMXfx\nnDooKwKBgQDWnuk5/XEPPh+I4AGM6BY05sgZnoDS6kkwz7GxEjN0C1HUtRk+s5LL\nYYFyPKpJWnDZJcLN9HTkc9fFtNQsOBPslUe5HIoJBhgpfpBjErD+GABC9AdcJ9je\ny5F3FBFoKG3iv6kfeb9vtRZk/+TuJ7kxS5uuSDy7wtCGbbIrTCfAbA==\n-----END RSA PRIVATE KEY-----\n",
            "private_key_pem_pkcs8": "-----BEGIN PRIVATE KEY-----\nMIIEvgIBADANBgkqhkiG9w0BAQEFAASCBKgwggSkAgEAAoIBAQC73ThghYKV0ktb\nifHyv9FR/b0eeZ1uUo489IrGshIz2gkZaCU5mWP4zIdJDXmhTJv34UE98XumQ87M\nnjSstjF8qk7bXRtykSzg3u2UhY0fd6YxkZyXIzhu/EQ0o+mD+YK6jkRzHSdMEMVA\nKbeQj7KVURWX6hpexSCwK8mMKXYuXaqeaKPphSzVg21yIrOrtg8fN53kaHCD/Tba\nwNVSuAu+JW9F0eCw4AWGOK5Te2clXd/FpV+tGofCNe3a40Sw8CM2QkR5KMqi12UF\n0KG3plnsA8oas9LKV2jgvRpz3Qd7CxEBUBJcyKIGT3Bz1dPo3+bQnR91GVhwvW2Y\nUtFUyKI7AgMBAAECggEAALPKAypcm5zGpVf1rJek+658J4IC4aezWmz7m9SMlt8I\ny6yE/xsgsYxqMQ641q6HoryX1thxQuTcAA3TWpXvx2yHkPBfKuV6Cnkq4DRDm8uB\ntou5zyLVkiylQKEgPVsQbwwbG2cPf4xMgHnncsXmwAIml4PLh3ErNx1iyoBZLcEw\nPJXT++SIi6v1VI6J5IhOVBnWZm9LIBjpWTlRzf6DEqYW5uwzSgc27JHVt01SaTKW\nsn7rj7hxLqdGrKFO9MxV/j4bU0/P4lFxS8YWBBmUTgXC+tInxkmtwh5w97TC59n6\n4mh7U6vKimKQsLnDDDMRAK9eTGokyUvICTYGlcLs2QKBgQD16q+Ja54Qe/SUbN5r\n8tZgN/xM9f0GNjX6Upn+Wc1fR3iqV6ahR0PdIEzbqAVZAdKGXrHI/K8JwILQ2djk\nRtqt/0rEImA/n17cFcNayOHwOYDAqzlZUCx27OwttIRGbC6j8JfQp1LYGoENILaW\nx5hqWK0Nppys8i+nMadVzuJcxQKBgQDDkSx+DINjMEfK5g6FS/8s6SXlBbo+AoHO\nrRHpc+I+lM6s4pFtJjXOwytDYDBY1CHspQARUVSbKfjHa6NdKxWtCOMOAgDDTVE7\nY6LqyZLhO1L4G77QyRs5N4alilcR63Q2UzXr3hZ7XqJsbMWdTQu3PhSof6hYfOps\njDjBwOzy/wKBgQDrp3ODSn9z6HTd7t3NsC1CkyPRVECdvUFImfM7zC6DyWeWRNxG\n3JXpxtQgAgjt3FMztHbF1W6e973kCX5Qcp2H84ZgIVj+Xuh2GtzTmID6xP/eobYZ\nIj0Z0bwZqEzBd1XSf/HbXxyCPhPA0sJmBurFrihXVnv5NzP3Ehv6nIBKyQKBgCgL\nEqwgjcqCeUC/SFvcyrv8ZSj2ukK2KrQR1egSNVIREBxwK8zIlR3n8nTSPjQCA4w7\n4L6rA4Ld3jWfAY0zJDYQ6sTUfil/LFHXveULLwr1JbDtpW2EsBFQID7HC7r8lggF\nk7Xe/IV4RBOlVfU2cF6t1HcH5IVx1mIxd/GcOigrAoGBANae6Tn9cQ8+H4jgAYzo\nFjTmyBmegNLqSTDPsbESM3QLUdS1GT6zksthgXI8qklacNklws30dORz18W01Cw4\nE+yVR7kcigkGGCl+kGMSsP4YAEL0B1wn2N7LkXcUEWgobeK/qR95v2+1FmT/5O4n\nuTFLm65IPLvC0IZtsitMJ8Bs\n-----END PRIVATE KEY-----\n",
            "public_key_fingerprint_md5": "ea:79:99:37:ba:61:d2:65:0d:c5:89:fc:83:a8:9a:53",
            "public_key_fingerprint_sha256": "SHA256:E86Igtlo1U5vtGYIau1EsigcWeVJrk2h9YrzRi/MeIQ",
            "public_key_openssh": "ssh-rsa AAAAB3NzaC1yc2EAAAADAQABAAABAQC73ThghYKV0ktbifHyv9FR/b0eeZ1uUo489IrGshIz2gkZaCU5mWP4zIdJDXmhTJv34UE98XumQ87MnjSstjF8qk7bXRtykSzg3u2UhY0fd6YxkZyXIzhu/EQ0o+mD+YK6jkRzHSdMEMVAKbeQj7KVURWX6hpexSCwK8mMKXYuXaqeaKPphSzVg21yIrOrtg8fN53kaHCD/TbawNVSuAu+JW9F0eCw4AWGOK5Te2clXd/FpV+tGofCNe3a40Sw8CM2QkR5KMqi12UF0KG3plnsA8oas9LKV2jgvRpz3Qd7CxEBUBJcyKIGT3Bz1dPo3+bQnR91GVhwvW2YUtFUyKI7\n",
            "public_key_pem": "-----BEGIN PUBLIC KEY-----\nMIIBIjANBgkqhkiG9w0BAQEFAAOCAQ8AMIIBCgKCAQEAu904YIWCldJLW4nx8r/R\nUf29HnmdblKOPPSKxrISM9oJGWglOZlj+MyHSQ15oUyb9+FBPfF7pkPOzJ40rLYx\nfKpO210bcpEs4N7tlIWNH3emMZGclyM4bvxENKPpg/mCuo5Ecx0nTBDFQCm3kI+y\nlVEVl+oaXsUgsCvJjCl2Ll2qnmij6YUs1YNtciKzq7YPHzed5Ghwg/022sDVUrgL\nviVvRdHgsOAFhjiuU3tnJV3fxaVfrRqHwjXt2uNEsPAjNkJEeSjKotdlBdCht6ZZ\n7APKGrPSyldo4L0ac90HewsRAVASXMiiBk9wc9XT6N/m0J0fdRlYcL1tmFLRVMii\nOwIDAQAB\n-----END PUBLIC KEY-----\n",
            "rsa_bits": 2048
          },
          "sensitive_attributes": [
            [
              {
                "type": "get_attr",
                "value": "private_key_pem_pkcs8"
              }
            ],
            [
              {
                "type": "get_attr",
                "value": "private_key_openssh"
              }
            ],
            [
              {
                "type": "get_attr",
                "value": "private_key_pem"
              }
            ]
          ],
          "dependencies": [
            "module.iam.aws_iam_instance_profile.ec2_profile",
            "module.iam.aws_iam_role.ec2_role",
            "module.iam.aws_iam_role_policy_attachment.cw_logs",
            "module.iam.data.aws_iam_policy_document.assume_ec2",
            "module.sg.aws_security_group.ec2_sg",
            "module.sg.data.aws_iam_policy_document.assume_ec2",
            "module.vpc.aws_internet_gateway.i_gw",
            "module.vpc.aws_route_table.public_rt",
            "module.vpc.aws_route_table_association.public_subnet_assoc",
            "module.vpc.aws_subnet.public_subnets",
            "module.vpc.aws_vpc.this"
          ]
        }
      ]
    },
    {
      "module": "module.iam",
      "mode": "data",
      "type": "aws_iam_policy_document",
      "name": "assume_ec2",
      "provider": "provider[\"registry.terraform.io/hashicorp/aws\"]",
      "instances": [
        {
          "schema_version": 0,
          "attributes": {
            "id": "2851119427",
            "json": "{\n  \"Version\": \"2012-10-17\",\n  \"Statement\": [\n    {\n      \"Effect\": \"Allow\",\n      \"Action\": \"sts:AssumeRole\",\n      \"Principal\": {\n        \"Service\": \"ec2.amazonaws.com\"\n      }\n    }\n  ]\n}",
            "minified_json": "{\"Version\":\"2012-10-17\",\"Statement\":[{\"Effect\":\"Allow\",\"Action\":\"sts:AssumeRole\",\"Principal\":{\"Service\":\"ec2.amazonaws.com\"}}]}",
            "override_json": null,
            "override_policy_documents": null,
            "policy_id": null,
            "source_json": null,
            "source_policy_documents": null,
            "statement": [
              {
                "actions": [
                  "sts:AssumeRole"
                ],
                "condition": [],
                "effect": "Allow",
                "not_actions": [],
                "not_principals": [],
                "not_resources": [],
                "principals": [
                  {
                    "identifiers": [
                      "ec2.amazonaws.com"
                    ],
                    "type": "Service"
                  }
                ],
                "resources": [],
                "sid": ""
              }
            ],
            "version": "2012-10-17"
          },
          "sensitive_attributes": []
        }
      ]
    },
    {
      "module": "module.iam",
      "mode": "managed",
      "type": "aws_iam_instance_profile",
      "name": "ec2_profile",
      "provider": "provider[\"registry.terraform.io/hashicorp/aws\"]",
      "instances": [
        {
          "schema_version": 0,
          "attributes": {
            "arn": "arn:aws:iam::140661056595:instance-profile/sandbox-hantt-and-co-ec2-instance-profile",
            "create_date": "2025-05-28T15:22:07Z",
            "id": "sandbox-hantt-and-co-ec2-instance-profile",
            "name": "sandbox-hantt-and-co-ec2-instance-profile",
            "name_prefix": "",
            "path": "/",
            "role": "sandbox-hantt-and-co-ec2-role",
            "tags": {},
            "tags_all": {
              "Env": "sandbox",
              "ProjectName": "hantt-and-co",
              "Terraform": "True"
            },
            "unique_id": "AIPASBQANMRJYG26SB2FM"
          },
          "sensitive_attributes": [],
          "private": "bnVsbA==",
          "dependencies": [
            "module.iam.aws_iam_role.ec2_role",
            "module.iam.data.aws_iam_policy_document.assume_ec2"
          ]
        }
      ]
    },
    {
      "module": "module.iam",
      "mode": "managed",
      "type": "aws_iam_role",
      "name": "ec2_role",
      "provider": "provider[\"registry.terraform.io/hashicorp/aws\"]",
      "instances": [
        {
          "schema_version": 0,
          "attributes": {
            "arn": "arn:aws:iam::140661056595:role/sandbox-hantt-and-co-ec2-role",
            "assume_role_policy": "{\"Statement\":[{\"Action\":\"sts:AssumeRole\",\"Effect\":\"Allow\",\"Principal\":{\"Service\":\"ec2.amazonaws.com\"}}],\"Version\":\"2012-10-17\"}",
            "create_date": "2025-05-28T15:22:05Z",
            "description": "",
            "force_detach_policies": false,
            "id": "sandbox-hantt-and-co-ec2-role",
            "inline_policy": [],
            "managed_policy_arns": [
              "arn:aws:iam::aws:policy/CloudWatchAgentServerPolicy"
            ],
            "max_session_duration": 3600,
            "name": "sandbox-hantt-and-co-ec2-role",
            "name_prefix": "",
            "path": "/",
            "permissions_boundary": "",
            "tags": {},
            "tags_all": {
              "Env": "sandbox",
              "ProjectName": "hantt-and-co",
              "Terraform": "True"
            },
            "unique_id": "AROASBQANMRJXX7SRORA3"
          },
          "sensitive_attributes": [],
          "private": "bnVsbA==",
          "dependencies": [
            "module.iam.data.aws_iam_policy_document.assume_ec2"
          ]
        }
      ]
    },
    {
      "module": "module.iam",
      "mode": "managed",
      "type": "aws_iam_role_policy_attachment",
      "name": "cw_logs",
      "provider": "provider[\"registry.terraform.io/hashicorp/aws\"]",
      "instances": [
        {
          "schema_version": 0,
          "attributes": {
            "id": "sandbox-hantt-and-co-ec2-role-20250528152203202800000001",
            "policy_arn": "arn:aws:iam::aws:policy/CloudWatchAgentServerPolicy",
            "role": "sandbox-hantt-and-co-ec2-role"
          },
          "sensitive_attributes": [],
          "private": "bnVsbA==",
          "dependencies": [
            "module.iam.aws_iam_role.ec2_role",
            "module.iam.data.aws_iam_policy_document.assume_ec2"
          ]
        }
      ]
    },
    {
      "module": "module.sg",
      "mode": "data",
      "type": "aws_iam_policy_document",
      "name": "assume_ec2",
      "provider": "provider[\"registry.terraform.io/hashicorp/aws\"]",
      "instances": [
        {
          "schema_version": 0,
          "attributes": {
            "id": "2851119427",
            "json": "{\n  \"Version\": \"2012-10-17\",\n  \"Statement\": [\n    {\n      \"Effect\": \"Allow\",\n      \"Action\": \"sts:AssumeRole\",\n      \"Principal\": {\n        \"Service\": \"ec2.amazonaws.com\"\n      }\n    }\n  ]\n}",
            "minified_json": "{\"Version\":\"2012-10-17\",\"Statement\":[{\"Effect\":\"Allow\",\"Action\":\"sts:AssumeRole\",\"Principal\":{\"Service\":\"ec2.amazonaws.com\"}}]}",
            "override_json": null,
            "override_policy_documents": null,
            "policy_id": null,
            "source_json": null,
            "source_policy_documents": null,
            "statement": [
              {
                "actions": [
                  "sts:AssumeRole"
                ],
                "condition": [],
                "effect": "Allow",
                "not_actions": [],
                "not_principals": [],
                "not_resources": [],
                "principals": [
                  {
                    "identifiers": [
                      "ec2.amazonaws.com"
                    ],
                    "type": "Service"
                  }
                ],
                "resources": [],
                "sid": ""
              }
            ],
            "version": "2012-10-17"
          },
          "sensitive_attributes": []
        }
      ]
    },
    {
      "module": "module.sg",
      "mode": "managed",
      "type": "aws_security_group",
      "name": "ec2_sg",
      "provider": "provider[\"registry.terraform.io/hashicorp/aws\"]",
      "instances": [
        {
          "schema_version": 1,
          "attributes": {
            "arn": "arn:aws:ec2:ap-southeast-1:140661056595:security-group/sg-062a5dab168b29a04",
            "description": "Managed by Terraform",
            "egress": [
              {
                "cidr_blocks": [
                  "0.0.0.0/0"
                ],
                "description": "Allow all traffic to all IPv4 addresses",
                "from_port": 0,
                "ipv6_cidr_blocks": [],
                "prefix_list_ids": [],
                "protocol": "-1",
                "security_groups": [],
                "self": false,
                "to_port": 0
              }
            ],
            "id": "sg-062a5dab168b29a04",
            "ingress": [
              {
                "cidr_blocks": [
                  "0.0.0.0/0"
                ],
                "description": "Allow HTTPS to all IPv4 addresses",
                "from_port": 443,
                "ipv6_cidr_blocks": [],
                "prefix_list_ids": [],
                "protocol": "tcp",
                "security_groups": [],
                "self": false,
                "to_port": 443
              },
              {
                "cidr_blocks": [
                  "0.0.0.0/0"
                ],
                "description": "Allow SSH to all IPv4 addresses",
                "from_port": 22,
                "ipv6_cidr_blocks": [],
                "prefix_list_ids": [],
                "protocol": "tcp",
                "security_groups": [],
                "self": false,
                "to_port": 22
              }
            ],
            "name": "sandbox-hantt-and-co-ec2-sg",
            "name_prefix": "",
            "owner_id": "140661056595",
            "revoke_rules_on_delete": false,
            "tags": {},
            "tags_all": {
              "Env": "sandbox",
              "ProjectName": "hantt-and-co",
              "Terraform": "True"
            },
            "timeouts": null,
            "vpc_id": "vpc-0710149f4c1fd5084"
          },
          "sensitive_attributes": [],
          "private": "eyJlMmJmYjczMC1lY2FhLTExZTYtOGY4OC0zNDM2M2JjN2M0YzAiOnsiY3JlYXRlIjo2MDAwMDAwMDAwMDAsImRlbGV0ZSI6OTAwMDAwMDAwMDAwfSwic2NoZW1hX3ZlcnNpb24iOiIxIn0=",
          "dependencies": [
            "module.vpc.aws_internet_gateway.i_gw",
            "module.vpc.aws_route_table.public_rt",
            "module.vpc.aws_route_table_association.public_subnet_assoc",
            "module.vpc.aws_subnet.public_subnets",
            "module.vpc.aws_vpc.this"
          ]
        }
      ]
    },
    {
      "module": "module.vpc",
      "mode": "managed",
      "type": "aws_internet_gateway",
      "name": "i_gw",
      "provider": "provider[\"registry.terraform.io/hashicorp/aws\"]",
      "instances": [
        {
          "schema_version": 0,
          "attributes": {
            "arn": "arn:aws:ec2:ap-southeast-1:140661056595:internet-gateway/igw-0fb00376ee3c1a44f",
            "id": "igw-0fb00376ee3c1a44f",
            "owner_id": "140661056595",
            "tags": {
              "Name": "sandbox-hantt-and-co-i-gw"
            },
            "tags_all": {
              "Env": "sandbox",
              "Name": "sandbox-hantt-and-co-i-gw",
              "ProjectName": "hantt-and-co",
              "Terraform": "True"
            },
            "timeouts": null,
            "vpc_id": "vpc-0710149f4c1fd5084"
          },
          "sensitive_attributes": [],
          "private": "eyJlMmJmYjczMC1lY2FhLTExZTYtOGY4OC0zNDM2M2JjN2M0YzAiOnsiY3JlYXRlIjoxMjAwMDAwMDAwMDAwLCJkZWxldGUiOjEyMDAwMDAwMDAwMDAsInVwZGF0ZSI6MTIwMDAwMDAwMDAwMH19",
          "dependencies": [
            "module.vpc.aws_vpc.this"
          ]
        }
      ]
    },
    {
      "module": "module.vpc",
      "mode": "managed",
      "type": "aws_route_table",
      "name": "public_rt",
      "provider": "provider[\"registry.terraform.io/hashicorp/aws\"]",
      "instances": [
        {
          "schema_version": 0,
          "attributes": {
            "arn": "arn:aws:ec2:ap-southeast-1:140661056595:route-table/rtb-04b4b71da5c6ea0cd",
            "id": "rtb-04b4b71da5c6ea0cd",
            "owner_id": "140661056595",
            "propagating_vgws": [],
            "route": [
              {
                "carrier_gateway_id": "",
                "cidr_block": "0.0.0.0/0",
                "core_network_arn": "",
                "destination_prefix_list_id": "",
                "egress_only_gateway_id": "",
                "gateway_id": "igw-0fb00376ee3c1a44f",
                "ipv6_cidr_block": "",
                "local_gateway_id": "",
                "nat_gateway_id": "",
                "network_interface_id": "",
                "transit_gateway_id": "",
                "vpc_endpoint_id": "",
                "vpc_peering_connection_id": ""
              }
            ],
            "tags": {
              "Name": "sandbox-hantt-and-co-public-rt"
            },
            "tags_all": {
              "Env": "sandbox",
              "Name": "sandbox-hantt-and-co-public-rt",
              "ProjectName": "hantt-and-co",
              "Terraform": "True"
            },
            "timeouts": null,
            "vpc_id": "vpc-0710149f4c1fd5084"
          },
          "sensitive_attributes": [],
          "private": "eyJlMmJmYjczMC1lY2FhLTExZTYtOGY4OC0zNDM2M2JjN2M0YzAiOnsiY3JlYXRlIjozMDAwMDAwMDAwMDAsImRlbGV0ZSI6MzAwMDAwMDAwMDAwLCJ1cGRhdGUiOjEyMDAwMDAwMDAwMH19",
          "dependencies": [
            "module.vpc.aws_internet_gateway.i_gw",
            "module.vpc.aws_vpc.this"
          ]
        }
      ]
    },
    {
      "module": "module.vpc",
      "mode": "managed",
      "type": "aws_route_table_association",
      "name": "public_subnet_assoc",
      "provider": "provider[\"registry.terraform.io/hashicorp/aws\"]",
      "instances": [
        {
          "index_key": 0,
          "schema_version": 0,
          "attributes": {
            "gateway_id": "",
            "id": "rtbassoc-03cabf533cf5546e6",
            "route_table_id": "rtb-04b4b71da5c6ea0cd",
            "subnet_id": "subnet-0b2adec304514045d",
            "timeouts": null
          },
          "sensitive_attributes": [],
          "private": "eyJlMmJmYjczMC1lY2FhLTExZTYtOGY4OC0zNDM2M2JjN2M0YzAiOnsiY3JlYXRlIjozMDAwMDAwMDAwMDAsImRlbGV0ZSI6MzAwMDAwMDAwMDAwLCJ1cGRhdGUiOjEyMDAwMDAwMDAwMH19",
          "dependencies": [
            "module.vpc.aws_internet_gateway.i_gw",
            "module.vpc.aws_route_table.public_rt",
            "module.vpc.aws_subnet.public_subnets",
            "module.vpc.aws_vpc.this"
          ]
        },
        {
          "index_key": 1,
          "schema_version": 0,
          "attributes": {
            "gateway_id": "",
            "id": "rtbassoc-05956c1e2388cdd88",
            "route_table_id": "rtb-04b4b71da5c6ea0cd",
            "subnet_id": "subnet-092481f7872bef644",
            "timeouts": null
          },
          "sensitive_attributes": [],
          "private": "eyJlMmJmYjczMC1lY2FhLTExZTYtOGY4OC0zNDM2M2JjN2M0YzAiOnsiY3JlYXRlIjozMDAwMDAwMDAwMDAsImRlbGV0ZSI6MzAwMDAwMDAwMDAwLCJ1cGRhdGUiOjEyMDAwMDAwMDAwMH19",
          "dependencies": [
            "module.vpc.aws_internet_gateway.i_gw",
            "module.vpc.aws_route_table.public_rt",
            "module.vpc.aws_subnet.public_subnets",
            "module.vpc.aws_vpc.this"
          ]
        },
        {
          "index_key": 2,
          "schema_version": 0,
          "attributes": {
            "gateway_id": "",
            "id": "rtbassoc-0640afbdb9fb951b1",
            "route_table_id": "rtb-04b4b71da5c6ea0cd",
            "subnet_id": "subnet-0e66d128a5cd7f074",
            "timeouts": null
          },
          "sensitive_attributes": [],
          "private": "eyJlMmJmYjczMC1lY2FhLTExZTYtOGY4OC0zNDM2M2JjN2M0YzAiOnsiY3JlYXRlIjozMDAwMDAwMDAwMDAsImRlbGV0ZSI6MzAwMDAwMDAwMDAwLCJ1cGRhdGUiOjEyMDAwMDAwMDAwMH19",
          "dependencies": [
            "module.vpc.aws_internet_gateway.i_gw",
            "module.vpc.aws_route_table.public_rt",
            "module.vpc.aws_subnet.public_subnets",
            "module.vpc.aws_vpc.this"
          ]
        }
      ]
    },
    {
      "module": "module.vpc",
      "mode": "managed",
      "type": "aws_subnet",
      "name": "public_subnets",
      "provider": "provider[\"registry.terraform.io/hashicorp/aws\"]",
      "instances": [
        {
          "index_key": 0,
          "schema_version": 1,
          "attributes": {
            "arn": "arn:aws:ec2:ap-southeast-1:140661056595:subnet/subnet-0b2adec304514045d",
            "assign_ipv6_address_on_creation": false,
            "availability_zone": "ap-southeast-1a",
            "availability_zone_id": "apse1-az1",
            "cidr_block": "10.0.1.0/24",
            "customer_owned_ipv4_pool": "",
            "enable_dns64": false,
            "enable_lni_at_device_index": 0,
            "enable_resource_name_dns_a_record_on_launch": false,
            "enable_resource_name_dns_aaaa_record_on_launch": false,
            "id": "subnet-0b2adec304514045d",
            "ipv6_cidr_block": "",
            "ipv6_cidr_block_association_id": "",
            "ipv6_native": false,
            "map_customer_owned_ip_on_launch": false,
            "map_public_ip_on_launch": false,
            "outpost_arn": "",
            "owner_id": "140661056595",
            "private_dns_hostname_type_on_launch": "ip-name",
            "tags": {
              "Name": "sandbox-hantt-and-co-public-subnet-1"
            },
            "tags_all": {
              "Env": "sandbox",
              "Name": "sandbox-hantt-and-co-public-subnet-1",
              "ProjectName": "hantt-and-co",
              "Terraform": "True"
            },
            "timeouts": null,
            "vpc_id": "vpc-0710149f4c1fd5084"
          },
          "sensitive_attributes": [],
          "private": "eyJlMmJmYjczMC1lY2FhLTExZTYtOGY4OC0zNDM2M2JjN2M0YzAiOnsiY3JlYXRlIjo2MDAwMDAwMDAwMDAsImRlbGV0ZSI6MTIwMDAwMDAwMDAwMH0sInNjaGVtYV92ZXJzaW9uIjoiMSJ9",
          "dependencies": [
            "module.vpc.aws_vpc.this"
          ]
        },
        {
          "index_key": 1,
          "schema_version": 1,
          "attributes": {
            "arn": "arn:aws:ec2:ap-southeast-1:140661056595:subnet/subnet-092481f7872bef644",
            "assign_ipv6_address_on_creation": false,
            "availability_zone": "ap-southeast-1b",
            "availability_zone_id": "apse1-az2",
            "cidr_block": "10.0.2.0/24",
            "customer_owned_ipv4_pool": "",
            "enable_dns64": false,
            "enable_lni_at_device_index": 0,
            "enable_resource_name_dns_a_record_on_launch": false,
            "enable_resource_name_dns_aaaa_record_on_launch": false,
            "id": "subnet-092481f7872bef644",
            "ipv6_cidr_block": "",
            "ipv6_cidr_block_association_id": "",
            "ipv6_native": false,
            "map_customer_owned_ip_on_launch": false,
            "map_public_ip_on_launch": false,
            "outpost_arn": "",
            "owner_id": "140661056595",
            "private_dns_hostname_type_on_launch": "ip-name",
            "tags": {
              "Name": "sandbox-hantt-and-co-public-subnet-2"
            },
            "tags_all": {
              "Env": "sandbox",
              "Name": "sandbox-hantt-and-co-public-subnet-2",
              "ProjectName": "hantt-and-co",
              "Terraform": "True"
            },
            "timeouts": null,
            "vpc_id": "vpc-0710149f4c1fd5084"
          },
          "sensitive_attributes": [],
          "private": "eyJlMmJmYjczMC1lY2FhLTExZTYtOGY4OC0zNDM2M2JjN2M0YzAiOnsiY3JlYXRlIjo2MDAwMDAwMDAwMDAsImRlbGV0ZSI6MTIwMDAwMDAwMDAwMH0sInNjaGVtYV92ZXJzaW9uIjoiMSJ9",
          "dependencies": [
            "module.vpc.aws_vpc.this"
          ]
        },
        {
          "index_key": 2,
          "schema_version": 1,
          "attributes": {
            "arn": "arn:aws:ec2:ap-southeast-1:140661056595:subnet/subnet-0e66d128a5cd7f074",
            "assign_ipv6_address_on_creation": false,
            "availability_zone": "ap-southeast-1c",
            "availability_zone_id": "apse1-az3",
            "cidr_block": "10.0.3.0/24",
            "customer_owned_ipv4_pool": "",
            "enable_dns64": false,
            "enable_lni_at_device_index": 0,
            "enable_resource_name_dns_a_record_on_launch": false,
            "enable_resource_name_dns_aaaa_record_on_launch": false,
            "id": "subnet-0e66d128a5cd7f074",
            "ipv6_cidr_block": "",
            "ipv6_cidr_block_association_id": "",
            "ipv6_native": false,
            "map_customer_owned_ip_on_launch": false,
            "map_public_ip_on_launch": false,
            "outpost_arn": "",
            "owner_id": "140661056595",
            "private_dns_hostname_type_on_launch": "ip-name",
            "tags": {
              "Name": "sandbox-hantt-and-co-public-subnet-3"
            },
            "tags_all": {
              "Env": "sandbox",
              "Name": "sandbox-hantt-and-co-public-subnet-3",
              "ProjectName": "hantt-and-co",
              "Terraform": "True"
            },
            "timeouts": null,
            "vpc_id": "vpc-0710149f4c1fd5084"
          },
          "sensitive_attributes": [],
          "private": "eyJlMmJmYjczMC1lY2FhLTExZTYtOGY4OC0zNDM2M2JjN2M0YzAiOnsiY3JlYXRlIjo2MDAwMDAwMDAwMDAsImRlbGV0ZSI6MTIwMDAwMDAwMDAwMH0sInNjaGVtYV92ZXJzaW9uIjoiMSJ9",
          "dependencies": [
            "module.vpc.aws_vpc.this"
          ]
        }
      ]
    },
    {
      "module": "module.vpc",
      "mode": "managed",
      "type": "aws_vpc",
      "name": "this",
      "provider": "provider[\"registry.terraform.io/hashicorp/aws\"]",
      "instances": [
        {
          "schema_version": 1,
          "attributes": {
            "arn": "arn:aws:ec2:ap-southeast-1:140661056595:vpc/vpc-0710149f4c1fd5084",
            "assign_generated_ipv6_cidr_block": false,
            "cidr_block": "10.0.0.0/16",
            "default_network_acl_id": "acl-018b3d14a67c3489d",
            "default_route_table_id": "rtb-0f2e57720b4af86ee",
            "default_security_group_id": "sg-0799a6f1f4b3d8883",
            "dhcp_options_id": "dopt-03743c14e23a064ab",
            "enable_dns_hostnames": true,
            "enable_dns_support": true,
            "enable_network_address_usage_metrics": false,
            "id": "vpc-0710149f4c1fd5084",
            "instance_tenancy": "default",
            "ipv4_ipam_pool_id": null,
            "ipv4_netmask_length": null,
            "ipv6_association_id": "",
            "ipv6_cidr_block": "",
            "ipv6_cidr_block_network_border_group": "",
            "ipv6_ipam_pool_id": "",
            "ipv6_netmask_length": 0,
            "main_route_table_id": "rtb-0f2e57720b4af86ee",
            "owner_id": "140661056595",
            "tags": {
              "Name": "sandbox-hantt-and-co-vpc"
            },
            "tags_all": {
              "Env": "sandbox",
              "Name": "sandbox-hantt-and-co-vpc",
              "ProjectName": "hantt-and-co",
              "Terraform": "True"
            }
          },
          "sensitive_attributes": [],
          "private": "eyJzY2hlbWFfdmVyc2lvbiI6IjEifQ=="
        }
      ]
    }
  ],
  "check_results": null
}
